
Microsoft Visual Studio Solution File, Format Version 12.00
# Visual Studio Version 17
VisualStudioVersion = 17.6.33324.259
MinimumVisualStudioVersion = 10.0.40219.1
Project("{FAE04EC0-301F-11D3-BF4B-00C04F79EFBC}") = "quarantine", "quarantine.csproj", "{9016EEB5-AFD3-46A6-B207-FC402AE2F37C}"
EndProject
Global
	GlobalSection(SolutionConfigurationPlatforms) = preSolution
		Debug|Any CPU = Debug|Any CPU
		Release|Any CPU = Release|Any CPU
	EndGlobalSection
	GlobalSection(ProjectConfigurationPlatforms) = postSolution
		{9016EEB5-AFD3-46A6-B207-FC402AE2F37C}.Debug|Any CPU.ActiveCfg = Debug|Any CPU
		{9016EEB5-AFD3-46A6-B207-FC402AE2F37C}.Debug|Any CPU.Build.0 = Debug|Any CPU
		{9016EEB5-AFD3-46A6-B207-FC402AE2F37C}.Release|Any CPU.ActiveCfg = Release|Any CPU
		{9016EEB5-AFD3-46A6-B207-FC402AE2F37C}.Release|Any CPU.Build.0 = Release|Any CPU
	EndGlobalSection
	GlobalSection(SolutionProperties) = preSolution
		HideSolutionNode = FALSE
	EndGlobalSection
	GlobalSection(ExtensibilityGlobals) = postSolution
		SolutionGuid = {8E7FE865-C142-495A-A2AC-49057F31AF7E}
	EndGlobalSection
EndGlobal
